# THIS IS AN AUTOGENERATED FILE. DO NOT EDIT THIS FILE DIRECTLY.
# yarn lockfile v1


"@transloadit/prettier-bytes@0.0.7":
  version "0.0.7"
  resolved "https://registry.yarnpkg.com/@transloadit/prettier-bytes/-/prettier-bytes-0.0.7.tgz#cdb5399f445fdd606ed833872fa0cabdbc51686b"
  integrity sha512-VeJbUb0wEKbcwaSlj5n+LscBl9IPgLPkHVGBkh00cztv6X4L/TJXK58LzFuBKX7/GAfiGhIwH67YTLTlzvIzBA==

"@uppy/companion-client@^1.5.0":
  version "1.5.0"
  resolved "https://registry.yarnpkg.com/@uppy/companion-client/-/companion-client-1.5.0.tgz#7688cbc44bda16b94d342bcdd622ba92d5493310"
  integrity sha512-/YPSdjiknRAn4+qzwfSecugqqX0SQGEnAuDpnf6JWN0Im+5YHVkKT/D4UT6OWTjYa+qwN6vhbdk7qxfY3jqFlg==
  dependencies:
    "@uppy/utils" "^3.1.0"
    namespace-emitter "^2.0.1"

"@uppy/core@^1.11.0":
  version "1.11.0"
  resolved "https://registry.yarnpkg.com/@uppy/core/-/core-1.11.0.tgz#14340a19f15d4ddde03dac102851ed97cb04dc77"
  integrity sha512-m65bX2M7iYBMEp3QYCetYVVOS1XpTg2CSW+9gF84kf9MKyHuIYmMNDPZ0Z6L7TfbtM+9e6kBZvzqeRlkLUhhYw==
  dependencies:
    "@transloadit/prettier-bytes" "0.0.7"
    "@uppy/store-default" "^1.2.1"
    "@uppy/utils" "^3.1.0"
    cuid "^2.1.1"
    lodash.throttle "^4.1.1"
    mime-match "^1.0.2"
    namespace-emitter "^2.0.1"
    preact "8.2.9"

"@uppy/store-default@^1.2.1":
  version "1.2.1"
  resolved "https://registry.yarnpkg.com/@uppy/store-default/-/store-default-1.2.1.tgz#4f6f1815292388bc2fd6da2655a3ae1133598d5c"
  integrity sha512-B7iKa9CMLTPgSu1lHQX+Z82NgxoBrzWfZg9WbZnvoJRHnoiwu8A3EFXPLq0OEslvJndBD4xPgUms0BPt4WbnWw==

"@uppy/utils@^3.1.0":
  version "3.1.0"
  resolved "https://registry.yarnpkg.com/@uppy/utils/-/utils-3.1.0.tgz#bc52b88f467018ee35cd0acede1da11e684fd265"
  integrity sha512-XmqN9cjXg4cyJBQrtBR7qbZH68B35iH53v5iFVU4j2Ge0/BsUNXd8ygl0nnPudFDibNrZALVLS6DJtEg42w1FA==
  dependencies:
    lodash.throttle "^4.1.1"

cuid@^2.1.1:
  version "2.1.8"
  resolved "https://registry.yarnpkg.com/cuid/-/cuid-2.1.8.tgz#cbb88f954171e0d5747606c0139fb65c5101eac0"
  integrity sha512-xiEMER6E7TlTPnDxrM4eRiC6TRgjNX9xzEZ5U/Se2YJKr7Mq4pJn/2XEHjl3STcSh96GmkHPcBXLES8M29wyyg==

js-sha1@^0.6.0:
  version "0.6.0"
  resolved "https://registry.yarnpkg.com/js-sha1/-/js-sha1-0.6.0.tgz#adbee10f0e8e18aa07cdea807cf08e9183dbc7f9"
  integrity sha512-01gwBFreYydzmU9BmZxpVk6svJJHrVxEN3IOiGl6VO93bVKYETJ0sIth6DASI6mIFdt7NmfX9UiByRzsYHGU9w==

lodash.throttle@^4.1.1:
  version "4.1.1"
  resolved "https://registry.yarnpkg.com/lodash.throttle/-/lodash.throttle-4.1.1.tgz#c23e91b710242ac70c37f1e1cda9274cc39bf2f4"
  integrity sha1-wj6RtxAkKscMN/HhzaknTMOb8vQ=

mime-match@^1.0.2:
  version "1.0.2"
  resolved "https://registry.yarnpkg.com/mime-match/-/mime-match-1.0.2.tgz#3f87c31e9af1a5fd485fb9db134428b23bbb7ba8"
  integrity sha1-P4fDHprxpf1IX7nbE0Qosju7e6g=
  dependencies:
    wildcard "^1.1.0"

namespace-emitter@^2.0.1:
  version "2.0.1"
  resolved "https://registry.yarnpkg.com/namespace-emitter/-/namespace-emitter-2.0.1.tgz#978d51361c61313b4e6b8cf6f3853d08dfa2b17c"
  integrity sha512-N/sMKHniSDJBjfrkbS/tpkPj4RAbvW3mr8UAzvlMHyun93XEm83IAvhWtJVHo+RHn/oO8Job5YN4b+wRjSVp5g==

preact@8.2.9:
  version "8.2.9"
  resolved "https://registry.yarnpkg.com/preact/-/preact-8.2.9.tgz#813ba9dd45e5d97c5ea0d6c86d375b3be711cc40"
  integrity sha512-ThuGXBmJS3VsT+jIP+eQufD3L8pRw/PY3FoCys6O9Pu6aF12Pn9zAJDX99TfwRAFOCEKm/P0lwiPTbqKMJp0fA==

wildcard@^1.1.0:
  version "1.1.2"
  resolved "https://registry.yarnpkg.com/wildcard/-/wildcard-1.1.2.tgz#a7020453084d8cd2efe70ba9d3696263de1710a5"
  integrity sha1-pwIEUwhNjNLv5wup02liY94XEKU=
